# This file is automatically @generated by Cargo.
# It is not intended for manual editing.
version = 3

[[package]]
name = "amanita"
version = "0.1.0"
dependencies = [
 "amanita-lib",
]

[[package]]
name = "amanita-chrome"
version = "0.1.0"

[[package]]
name = "amanita-lib"
version = "0.1.0"

[[package]]
name = "amanita-solana"
version = "0.1.0"
